// !$*UTF8*$!
{
	archiveVersion = 1;
	classes = {
	};
	objectVersion = 46;
	objects = {

/* Begin PBXBuildFile section */
		2C8EADE11CB1231A0095451A /* STEventSource.h in Headers */ = {isa = PBXBuildFile; fileRef = 2C8EADE01CB1231A0095451A /* STEventSource.h */; settings = {ATTRIBUTES = (Public, ); }; };
		2C8EADE81CB1231A0095451A /* STEventSource.framework in Frameworks */ = {isa = PBXBuildFile; fileRef = 2C8EADDD1CB1231A0095451A /* STEventSource.framework */; };
		2C8EADED1CB1231A0095451A /* STEventSourceTests.m in Sources */ = {isa = PBXBuildFile; fileRef = 2C8EADEC1CB1231A0095451A /* STEventSourceTests.m */; };
		2CE477C21CBE7CAE00ED7149 /* libSTEventSource.a in Frameworks */ = {isa = PBXBuildFile; fileRef = 2CE477B01CBE7C9400ED7149 /* libSTEventSource.a */; };
		2CE477C81CBE7CC400ED7149 /* STEventSourceTests.m in Sources */ = {isa = PBXBuildFile; fileRef = 2C8EADEC1CB1231A0095451A /* STEventSourceTests.m */; };
		2CE477D81CBE7DAA00ED7149 /* STEventSource.framework in Frameworks */ = {isa = PBXBuildFile; fileRef = 2CE477CE1CBE7DAA00ED7149 /* STEventSource.framework */; };
		2CE477FB1CBE7E4700ED7149 /* libSTEventSource.a in Frameworks */ = {isa = PBXBuildFile; fileRef = 2CE477E91CBE7E2100ED7149 /* libSTEventSource.a */; };
		2CE478011CBE804200ED7149 /* STEventSource.h in Headers */ = {isa = PBXBuildFile; fileRef = 2C8EADE01CB1231A0095451A /* STEventSource.h */; settings = {ATTRIBUTES = (Public, ); }; };
		2CE478021CBE804B00ED7149 /* STEventSourceTests.m in Sources */ = {isa = PBXBuildFile; fileRef = 2C8EADEC1CB1231A0095451A /* STEventSourceTests.m */; };
		2CE478031CBE804C00ED7149 /* STEventSourceTests.m in Sources */ = {isa = PBXBuildFile; fileRef = 2C8EADEC1CB1231A0095451A /* STEventSourceTests.m */; };
		2CE4780E1CBE871A00ED7149 /* STEventSource.m in Sources */ = {isa = PBXBuildFile; fileRef = 2CE478041CBE871A00ED7149 /* STEventSource.m */; };
		2CE4780F1CBE871A00ED7149 /* STEventSource+Internal.h in Headers */ = {isa = PBXBuildFile; fileRef = 2CE478051CBE871A00ED7149 /* STEventSource+Internal.h */; };
		2CE478101CBE871A00ED7149 /* STEventSourceEvent.h in Headers */ = {isa = PBXBuildFile; fileRef = 2CE478061CBE871A00ED7149 /* STEventSourceEvent.h */; };
		2CE478111CBE871A00ED7149 /* STEventSourceEvent.m in Sources */ = {isa = PBXBuildFile; fileRef = 2CE478071CBE871A00ED7149 /* STEventSourceEvent.m */; };
		2CE478121CBE871A00ED7149 /* STEventSourceEventAccumulator.h in Headers */ = {isa = PBXBuildFile; fileRef = 2CE478081CBE871A00ED7149 /* STEventSourceEventAccumulator.h */; };
		2CE478131CBE871A00ED7149 /* STEventSourceEventAccumulator.m in Sources */ = {isa = PBXBuildFile; fileRef = 2CE478091CBE871A00ED7149 /* STEventSourceEventAccumulator.m */; };
		2CE478141CBE871A00ED7149 /* STEventSourceEventAccumulator+Internal.h in Headers */ = {isa = PBXBuildFile; fileRef = 2CE4780A1CBE871A00ED7149 /* STEventSourceEventAccumulator+Internal.h */; };
		2CE478151CBE871A00ED7149 /* STEventSourceLineAccumulator.h in Headers */ = {isa = PBXBuildFile; fileRef = 2CE4780B1CBE871A00ED7149 /* STEventSourceLineAccumulator.h */; };
		2CE478161CBE871A00ED7149 /* STEventSourceLineAccumulator.m in Sources */ = {isa = PBXBuildFile; fileRef = 2CE4780C1CBE871A00ED7149 /* STEventSourceLineAccumulator.m */; };
		2CE478171CBE871A00ED7149 /* STEventSourceLineAccumulator+Internal.h in Headers */ = {isa = PBXBuildFile; fileRef = 2CE4780D1CBE871A00ED7149 /* STEventSourceLineAccumulator+Internal.h */; };
		2CE478181CBE872100ED7149 /* STEventSource.m in Sources */ = {isa = PBXBuildFile; fileRef = 2CE478041CBE871A00ED7149 /* STEventSource.m */; };
		2CE478191CBE872100ED7149 /* STEventSourceEvent.m in Sources */ = {isa = PBXBuildFile; fileRef = 2CE478071CBE871A00ED7149 /* STEventSourceEvent.m */; };
		2CE4781A1CBE872100ED7149 /* STEventSourceEventAccumulator.m in Sources */ = {isa = PBXBuildFile; fileRef = 2CE478091CBE871A00ED7149 /* STEventSourceEventAccumulator.m */; };
		2CE4781B1CBE872100ED7149 /* STEventSourceLineAccumulator.m in Sources */ = {isa = PBXBuildFile; fileRef = 2CE4780C1CBE871A00ED7149 /* STEventSourceLineAccumulator.m */; };
		2CE4781C1CBE872300ED7149 /* STEventSource.m in Sources */ = {isa = PBXBuildFile; fileRef = 2CE478041CBE871A00ED7149 /* STEventSource.m */; };
		2CE4781D1CBE872300ED7149 /* STEventSourceEvent.m in Sources */ = {isa = PBXBuildFile; fileRef = 2CE478071CBE871A00ED7149 /* STEventSourceEvent.m */; };
		2CE4781E1CBE872300ED7149 /* STEventSourceEventAccumulator.m in Sources */ = {isa = PBXBuildFile; fileRef = 2CE478091CBE871A00ED7149 /* STEventSourceEventAccumulator.m */; };
		2CE4781F1CBE872300ED7149 /* STEventSourceLineAccumulator.m in Sources */ = {isa = PBXBuildFile; fileRef = 2CE4780C1CBE871A00ED7149 /* STEventSourceLineAccumulator.m */; };
		2CE478201CBE872400ED7149 /* STEventSource.m in Sources */ = {isa = PBXBuildFile; fileRef = 2CE478041CBE871A00ED7149 /* STEventSource.m */; };
		2CE478211CBE872400ED7149 /* STEventSourceEvent.m in Sources */ = {isa = PBXBuildFile; fileRef = 2CE478071CBE871A00ED7149 /* STEventSourceEvent.m */; };
		2CE478221CBE872400ED7149 /* STEventSourceEventAccumulator.m in Sources */ = {isa = PBXBuildFile; fileRef = 2CE478091CBE871A00ED7149 /* STEventSourceEventAccumulator.m */; };
		2CE478231CBE872400ED7149 /* STEventSourceLineAccumulator.m in Sources */ = {isa = PBXBuildFile; fileRef = 2CE4780C1CBE871A00ED7149 /* STEventSourceLineAccumulator.m */; };
		2CE478241CBE875400ED7149 /* STEventSource+Internal.h in Headers */ = {isa = PBXBuildFile; fileRef = 2CE478051CBE871A00ED7149 /* STEventSource+Internal.h */; };
		2CE478251CBE875400ED7149 /* STEventSourceEvent.h in Headers */ = {isa = PBXBuildFile; fileRef = 2CE478061CBE871A00ED7149 /* STEventSourceEvent.h */; };
		2CE478261CBE875400ED7149 /* STEventSourceEventAccumulator.h in Headers */ = {isa = PBXBuildFile; fileRef = 2CE478081CBE871A00ED7149 /* STEventSourceEventAccumulator.h */; };
		2CE478271CBE875400ED7149 /* STEventSourceEventAccumulator+Internal.h in Headers */ = {isa = PBXBuildFile; fileRef = 2CE4780A1CBE871A00ED7149 /* STEventSourceEventAccumulator+Internal.h */; };
		2CE478281CBE875400ED7149 /* STEventSourceLineAccumulator.h in Headers */ = {isa = PBXBuildFile; fileRef = 2CE4780B1CBE871A00ED7149 /* STEventSourceLineAccumulator.h */; };
		2CE478291CBE875400ED7149 /* STEventSourceLineAccumulator+Internal.h in Headers */ = {isa = PBXBuildFile; fileRef = 2CE4780D1CBE871A00ED7149 /* STEventSourceLineAccumulator+Internal.h */; };
		2CE478381CBE87C100ED7149 /* STEventSourceTestURLProtocol.m in Sources */ = {isa = PBXBuildFile; fileRef = 2CE4782F1CBE879C00ED7149 /* STEventSourceTestURLProtocol.m */; };
		2CE478391CBE87C100ED7149 /* STEventSourceUnitTests.m in Sources */ = {isa = PBXBuildFile; fileRef = 2CE478301CBE879C00ED7149 /* STEventSourceUnitTests.m */; };
		2CE4783A1CBE87C100ED7149 /* STEventSourceEventUnitTests.m in Sources */ = {isa = PBXBuildFile; fileRef = 2CE4782B1CBE879C00ED7149 /* STEventSourceEventUnitTests.m */; };
		2CE4783B1CBE87C100ED7149 /* STEventSourceEventAccumulatorUnitTests.m in Sources */ = {isa = PBXBuildFile; fileRef = 2CE4782A1CBE879C00ED7149 /* STEventSourceEventAccumulatorUnitTests.m */; };
		2CE4783C1CBE87C100ED7149 /* STEventSourceLineAccumulatorUnitTests.m in Sources */ = {isa = PBXBuildFile; fileRef = 2CE4782D1CBE879C00ED7149 /* STEventSourceLineAccumulatorUnitTests.m */; };
		2CE4783D1CBE87C100ED7149 /* STEventSourceIntegrationTests.m in Sources */ = {isa = PBXBuildFile; fileRef = 2CE4782C1CBE879C00ED7149 /* STEventSourceIntegrationTests.m */; };
		2CE4783E1CBE87C300ED7149 /* STEventSourceTestURLProtocol.m in Sources */ = {isa = PBXBuildFile; fileRef = 2CE4782F1CBE879C00ED7149 /* STEventSourceTestURLProtocol.m */; };
		2CE4783F1CBE87C300ED7149 /* STEventSourceUnitTests.m in Sources */ = {isa = PBXBuildFile; fileRef = 2CE478301CBE879C00ED7149 /* STEventSourceUnitTests.m */; };
		2CE478401CBE87C300ED7149 /* STEventSourceEventUnitTests.m in Sources */ = {isa = PBXBuildFile; fileRef = 2CE4782B1CBE879C00ED7149 /* STEventSourceEventUnitTests.m */; };
		2CE478411CBE87C300ED7149 /* STEventSourceEventAccumulatorUnitTests.m in Sources */ = {isa = PBXBuildFile; fileRef = 2CE4782A1CBE879C00ED7149 /* STEventSourceEventAccumulatorUnitTests.m */; };
		2CE478421CBE87C300ED7149 /* STEventSourceLineAccumulatorUnitTests.m in Sources */ = {isa = PBXBuildFile; fileRef = 2CE4782D1CBE879C00ED7149 /* STEventSourceLineAccumulatorUnitTests.m */; };
		2CE478431CBE87C300ED7149 /* STEventSourceIntegrationTests.m in Sources */ = {isa = PBXBuildFile; fileRef = 2CE4782C1CBE879C00ED7149 /* STEventSourceIntegrationTests.m */; };
		2CE478441CBE87C400ED7149 /* STEventSourceTestURLProtocol.m in Sources */ = {isa = PBXBuildFile; fileRef = 2CE4782F1CBE879C00ED7149 /* STEventSourceTestURLProtocol.m */; };
		2CE478451CBE87C400ED7149 /* STEventSourceUnitTests.m in Sources */ = {isa = PBXBuildFile; fileRef = 2CE478301CBE879C00ED7149 /* STEventSourceUnitTests.m */; };
		2CE478461CBE87C400ED7149 /* STEventSourceEventUnitTests.m in Sources */ = {isa = PBXBuildFile; fileRef = 2CE4782B1CBE879C00ED7149 /* STEventSourceEventUnitTests.m */; };
		2CE478471CBE87C400ED7149 /* STEventSourceEventAccumulatorUnitTests.m in Sources */ = {isa = PBXBuildFile; fileRef = 2CE4782A1CBE879C00ED7149 /* STEventSourceEventAccumulatorUnitTests.m */; };
		2CE478481CBE87C400ED7149 /* STEventSourceLineAccumulatorUnitTests.m in Sources */ = {isa = PBXBuildFile; fileRef = 2CE4782D1CBE879C00ED7149 /* STEventSourceLineAccumulatorUnitTests.m */; };
		2CE478491CBE87C400ED7149 /* STEventSourceIntegrationTests.m in Sources */ = {isa = PBXBuildFile; fileRef = 2CE4782C1CBE879C00ED7149 /* STEventSourceIntegrationTests.m */; };
		2CE4784A1CBE87C500ED7149 /* STEventSourceTestURLProtocol.m in Sources */ = {isa = PBXBuildFile; fileRef = 2CE4782F1CBE879C00ED7149 /* STEventSourceTestURLProtocol.m */; };
		2CE4784B1CBE87C500ED7149 /* STEventSourceUnitTests.m in Sources */ = {isa = PBXBuildFile; fileRef = 2CE478301CBE879C00ED7149 /* STEventSourceUnitTests.m */; };
		2CE4784C1CBE87C500ED7149 /* STEventSourceEventUnitTests.m in Sources */ = {isa = PBXBuildFile; fileRef = 2CE4782B1CBE879C00ED7149 /* STEventSourceEventUnitTests.m */; };
		2CE4784D1CBE87C500ED7149 /* STEventSourceEventAccumulatorUnitTests.m in Sources */ = {isa = PBXBuildFile; fileRef = 2CE4782A1CBE879C00ED7149 /* STEventSourceEventAccumulatorUnitTests.m */; };
		2CE4784E1CBE87C500ED7149 /* STEventSourceLineAccumulatorUnitTests.m in Sources */ = {isa = PBXBuildFile; fileRef = 2CE4782D1CBE879C00ED7149 /* STEventSourceLineAccumulatorUnitTests.m */; };
		2CE4784F1CBE87C500ED7149 /* STEventSourceIntegrationTests.m in Sources */ = {isa = PBXBuildFile; fileRef = 2CE4782C1CBE879C00ED7149 /* STEventSourceIntegrationTests.m */; };
/* End PBXBuildFile section */

/* Begin PBXContainerItemProxy section */
		2C8EADE91CB1231A0095451A /* PBXContainerItemProxy */ = {
			isa = PBXContainerItemProxy;
			containerPortal = 2C8EADD41CB1231A0095451A /* Project object */;
			proxyType = 1;
			remoteGlobalIDString = 2C8EADDC1CB1231A0095451A;
			remoteInfo = STEventSource;
		};
		2CE477C31CBE7CAE00ED7149 /* PBXContainerItemProxy */ = {
			isa = PBXContainerItemProxy;
			containerPortal = 2C8EADD41CB1231A0095451A /* Project object */;
			proxyType = 1;
			remoteGlobalIDString = 2CE477AF1CBE7C9400ED7149;
			remoteInfo = "STEventSource-iOS";
		};
		2CE477D91CBE7DAA00ED7149 /* PBXContainerItemProxy */ = {
			isa = PBXContainerItemProxy;
			containerPortal = 2C8EADD41CB1231A0095451A /* Project object */;
			proxyType = 1;
			remoteGlobalIDString = 2CE477CD1CBE7DAA00ED7149;
			remoteInfo = "STEventSource-Mac-Framework";
		};
		2CE477FC1CBE7E4700ED7149 /* PBXContainerItemProxy */ = {
			isa = PBXContainerItemProxy;
			containerPortal = 2C8EADD41CB1231A0095451A /* Project object */;
			proxyType = 1;
			remoteGlobalIDString = 2CE477E81CBE7E2100ED7149;
			remoteInfo = "STEventSource-mac";
		};
/* End PBXContainerItemProxy section */

/* Begin PBXCopyFilesBuildPhase section */
		2CE477AE1CBE7C9400ED7149 /* CopyFiles */ = {
			isa = PBXCopyFilesBuildPhase;
			buildActionMask = 2147483647;
			dstPath = "include/$(PRODUCT_NAME)";
			dstSubfolderSpec = 16;
			files = (
			);
			runOnlyForDeploymentPostprocessing = 0;
		};
/* End PBXCopyFilesBuildPhase section */

/* Begin PBXFileReference section */
		2C8EADDD1CB1231A0095451A /* STEventSource.framework */ = {isa = PBXFileReference; explicitFileType = wrapper.framework; includeInIndex = 0; path = STEventSource.framework; sourceTree = BUILT_PRODUCTS_DIR; };
		2C8EADE01CB1231A0095451A /* STEventSource.h */ = {isa = PBXFileReference; lastKnownFileType = sourcecode.c.h; path = STEventSource.h; sourceTree = "<group>"; };
		2C8EADE21CB1231A0095451A /* Info.plist */ = {isa = PBXFileReference; lastKnownFileType = text.plist.xml; path = Info.plist; sourceTree = "<group>"; };
		2C8EADE71CB1231A0095451A /* STEventSourceTests-iOS-Framework.xctest */ = {isa = PBXFileReference; explicitFileType = wrapper.cfbundle; includeInIndex = 0; path = "STEventSourceTests-iOS-Framework.xctest"; sourceTree = BUILT_PRODUCTS_DIR; };
		2C8EADEC1CB1231A0095451A /* STEventSourceTests.m */ = {isa = PBXFileReference; lastKnownFileType = sourcecode.c.objc; path = STEventSourceTests.m; sourceTree = "<group>"; };
		2C8EADEE1CB1231A0095451A /* Info.plist */ = {isa = PBXFileReference; lastKnownFileType = text.plist.xml; path = Info.plist; sourceTree = "<group>"; };
		2CE477B01CBE7C9400ED7149 /* libSTEventSource.a */ = {isa = PBXFileReference; explicitFileType = archive.ar; includeInIndex = 0; path = libSTEventSource.a; sourceTree = BUILT_PRODUCTS_DIR; };
		2CE477BD1CBE7CAE00ED7149 /* STEventSourceTests-iOS.xctest */ = {isa = PBXFileReference; explicitFileType = wrapper.cfbundle; includeInIndex = 0; path = "STEventSourceTests-iOS.xctest"; sourceTree = BUILT_PRODUCTS_DIR; };
		2CE477CE1CBE7DAA00ED7149 /* STEventSource.framework */ = {isa = PBXFileReference; explicitFileType = wrapper.framework; includeInIndex = 0; path = STEventSource.framework; sourceTree = BUILT_PRODUCTS_DIR; };
		2CE477D71CBE7DAA00ED7149 /* STEventSourceTests-Mac-Framework.xctest */ = {isa = PBXFileReference; explicitFileType = wrapper.cfbundle; includeInIndex = 0; path = "STEventSourceTests-Mac-Framework.xctest"; sourceTree = BUILT_PRODUCTS_DIR; };
		2CE477E91CBE7E2100ED7149 /* libSTEventSource.a */ = {isa = PBXFileReference; explicitFileType = archive.ar; includeInIndex = 0; path = libSTEventSource.a; sourceTree = BUILT_PRODUCTS_DIR; };
		2CE477F61CBE7E4700ED7149 /* STEventSourceTests-Mac.xctest */ = {isa = PBXFileReference; explicitFileType = wrapper.cfbundle; includeInIndex = 0; path = "STEventSourceTests-Mac.xctest"; sourceTree = BUILT_PRODUCTS_DIR; };
		2CE478041CBE871A00ED7149 /* STEventSource.m */ = {isa = PBXFileReference; fileEncoding = 4; lastKnownFileType = sourcecode.c.objc; path = STEventSource.m; sourceTree = "<group>"; };
		2CE478051CBE871A00ED7149 /* STEventSource+Internal.h */ = {isa = PBXFileReference; fileEncoding = 4; lastKnownFileType = sourcecode.c.h; path = "STEventSource+Internal.h"; sourceTree = "<group>"; };
		2CE478061CBE871A00ED7149 /* STEventSourceEvent.h */ = {isa = PBXFileReference; fileEncoding = 4; lastKnownFileType = sourcecode.c.h; path = STEventSourceEvent.h; sourceTree = "<group>"; };
		2CE478071CBE871A00ED7149 /* STEventSourceEvent.m */ = {isa = PBXFileReference; fileEncoding = 4; lastKnownFileType = sourcecode.c.objc; path = STEventSourceEvent.m; sourceTree = "<group>"; };
		2CE478081CBE871A00ED7149 /* STEventSourceEventAccumulator.h */ = {isa = PBXFileReference; fileEncoding = 4; lastKnownFileType = sourcecode.c.h; path = STEventSourceEventAccumulator.h; sourceTree = "<group>"; };
		2CE478091CBE871A00ED7149 /* STEventSourceEventAccumulator.m */ = {isa = PBXFileReference; fileEncoding = 4; lastKnownFileType = sourcecode.c.objc; path = STEventSourceEventAccumulator.m; sourceTree = "<group>"; };
		2CE4780A1CBE871A00ED7149 /* STEventSourceEventAccumulator+Internal.h */ = {isa = PBXFileReference; fileEncoding = 4; lastKnownFileType = sourcecode.c.h; path = "STEventSourceEventAccumulator+Internal.h"; sourceTree = "<group>"; };
		2CE4780B1CBE871A00ED7149 /* STEventSourceLineAccumulator.h */ = {isa = PBXFileReference; fileEncoding = 4; lastKnownFileType = sourcecode.c.h; path = STEventSourceLineAccumulator.h; sourceTree = "<group>"; };
		2CE4780C1CBE871A00ED7149 /* STEventSourceLineAccumulator.m */ = {isa = PBXFileReference; fileEncoding = 4; lastKnownFileType = sourcecode.c.objc; path = STEventSourceLineAccumulator.m; sourceTree = "<group>"; };
		2CE4780D1CBE871A00ED7149 /* STEventSourceLineAccumulator+Internal.h */ = {isa = PBXFileReference; fileEncoding = 4; lastKnownFileType = sourcecode.c.h; path = "STEventSourceLineAccumulator+Internal.h"; sourceTree = "<group>"; };
		2CE4782A1CBE879C00ED7149 /* STEventSourceEventAccumulatorUnitTests.m */ = {isa = PBXFileReference; fileEncoding = 4; lastKnownFileType = sourcecode.c.objc; path = STEventSourceEventAccumulatorUnitTests.m; sourceTree = "<group>"; };
		2CE4782B1CBE879C00ED7149 /* STEventSourceEventUnitTests.m */ = {isa = PBXFileReference; fileEncoding = 4; lastKnownFileType = sourcecode.c.objc; path = STEventSourceEventUnitTests.m; sourceTree = "<group>"; };
		2CE4782C1CBE879C00ED7149 /* STEventSourceIntegrationTests.m */ = {isa = PBXFileReference; fileEncoding = 4; lastKnownFileType = sourcecode.c.objc; path = STEventSourceIntegrationTests.m; sourceTree = "<group>"; };
		2CE4782D1CBE879C00ED7149 /* STEventSourceLineAccumulatorUnitTests.m */ = {isa = PBXFileReference; fileEncoding = 4; lastKnownFileType = sourcecode.c.objc; path = STEventSourceLineAccumulatorUnitTests.m; sourceTree = "<group>"; };
		2CE4782E1CBE879C00ED7149 /* STEventSourceTestURLProtocol.h */ = {isa = PBXFileReference; fileEncoding = 4; lastKnownFileType = sourcecode.c.h; path = STEventSourceTestURLProtocol.h; sourceTree = "<group>"; };
		2CE4782F1CBE879C00ED7149 /* STEventSourceTestURLProtocol.m */ = {isa = PBXFileReference; fileEncoding = 4; lastKnownFileType = sourcecode.c.objc; path = STEventSourceTestURLProtocol.m; sourceTree = "<group>"; };
		2CE478301CBE879C00ED7149 /* STEventSourceUnitTests.m */ = {isa = PBXFileReference; fileEncoding = 4; lastKnownFileType = sourcecode.c.objc; path = STEventSourceUnitTests.m; sourceTree = "<group>"; };
/* End PBXFileReference section */

/* Begin PBXFrameworksBuildPhase section */
		2C8EADD91CB1231A0095451A /* Frameworks */ = {
			isa = PBXFrameworksBuildPhase;
			buildActionMask = 2147483647;
			files = (
			);
			runOnlyForDeploymentPostprocessing = 0;
		};
		2C8EADE41CB1231A0095451A /* Frameworks */ = {
			isa = PBXFrameworksBuildPhase;
			buildActionMask = 2147483647;
			files = (
				2C8EADE81CB1231A0095451A /* STEventSource.framework in Frameworks */,
			);
			runOnlyForDeploymentPostprocessing = 0;
		};
		2CE477AD1CBE7C9400ED7149 /* Frameworks */ = {
			isa = PBXFrameworksBuildPhase;
			buildActionMask = 2147483647;
			files = (
			);
			runOnlyForDeploymentPostprocessing = 0;
		};
		2CE477BA1CBE7CAE00ED7149 /* Frameworks */ = {
			isa = PBXFrameworksBuildPhase;
			buildActionMask = 2147483647;
			files = (
				2CE477C21CBE7CAE00ED7149 /* libSTEventSource.a in Frameworks */,
			);
			runOnlyForDeploymentPostprocessing = 0;
		};
		2CE477CA1CBE7DAA00ED7149 /* Frameworks */ = {
			isa = PBXFrameworksBuildPhase;
			buildActionMask = 2147483647;
			files = (
			);
			runOnlyForDeploymentPostprocessing = 0;
		};
		2CE477D41CBE7DAA00ED7149 /* Frameworks */ = {
			isa = PBXFrameworksBuildPhase;
			buildActionMask = 2147483647;
			files = (
				2CE477D81CBE7DAA00ED7149 /* STEventSource.framework in Frameworks */,
			);
			runOnlyForDeploymentPostprocessing = 0;
		};
		2CE477E61CBE7E2100ED7149 /* Frameworks */ = {
			isa = PBXFrameworksBuildPhase;
			buildActionMask = 2147483647;
			files = (
			);
			runOnlyForDeploymentPostprocessing = 0;
		};
		2CE477F31CBE7E4700ED7149 /* Frameworks */ = {
			isa = PBXFrameworksBuildPhase;
			buildActionMask = 2147483647;
			files = (
				2CE477FB1CBE7E4700ED7149 /* libSTEventSource.a in Frameworks */,
			);
			runOnlyForDeploymentPostprocessing = 0;
		};
/* End PBXFrameworksBuildPhase section */

/* Begin PBXGroup section */
		2C8EADD31CB1231A0095451A = {
			isa = PBXGroup;
			children = (
				2C8EADDF1CB1231A0095451A /* STEventSource */,
				2C8EADEB1CB1231A0095451A /* STEventSourceTests */,
				2C8EADDE1CB1231A0095451A /* Products */,
			);
			sourceTree = "<group>";
		};
		2C8EADDE1CB1231A0095451A /* Products */ = {
			isa = PBXGroup;
			children = (
				2C8EADDD1CB1231A0095451A /* STEventSource.framework */,
				2C8EADE71CB1231A0095451A /* STEventSourceTests-iOS-Framework.xctest */,
				2CE477B01CBE7C9400ED7149 /* libSTEventSource.a */,
				2CE477BD1CBE7CAE00ED7149 /* STEventSourceTests-iOS.xctest */,
				2CE477CE1CBE7DAA00ED7149 /* STEventSource.framework */,
				2CE477D71CBE7DAA00ED7149 /* STEventSourceTests-Mac-Framework.xctest */,
				2CE477E91CBE7E2100ED7149 /* libSTEventSource.a */,
				2CE477F61CBE7E4700ED7149 /* STEventSourceTests-Mac.xctest */,
			);
			name = Products;
			sourceTree = "<group>";
		};
		2C8EADDF1CB1231A0095451A /* STEventSource */ = {
			isa = PBXGroup;
			children = (
				2C8EADE21CB1231A0095451A /* Info.plist */,
				2C8EADE01CB1231A0095451A /* STEventSource.h */,
				2CE478051CBE871A00ED7149 /* STEventSource+Internal.h */,
				2CE478041CBE871A00ED7149 /* STEventSource.m */,
				2CE478061CBE871A00ED7149 /* STEventSourceEvent.h */,
				2CE478071CBE871A00ED7149 /* STEventSourceEvent.m */,
				2CE478081CBE871A00ED7149 /* STEventSourceEventAccumulator.h */,
				2CE4780A1CBE871A00ED7149 /* STEventSourceEventAccumulator+Internal.h */,
				2CE478091CBE871A00ED7149 /* STEventSourceEventAccumulator.m */,
				2CE4780B1CBE871A00ED7149 /* STEventSourceLineAccumulator.h */,
				2CE4780D1CBE871A00ED7149 /* STEventSourceLineAccumulator+Internal.h */,
				2CE4780C1CBE871A00ED7149 /* STEventSourceLineAccumulator.m */,
			);
			path = STEventSource;
			sourceTree = "<group>";
		};
		2C8EADEB1CB1231A0095451A /* STEventSourceTests */ = {
			isa = PBXGroup;
			children = (
				2C8EADEE1CB1231A0095451A /* Info.plist */,
				2C8EADEC1CB1231A0095451A /* STEventSourceTests.m */,
				2CE4782E1CBE879C00ED7149 /* STEventSourceTestURLProtocol.h */,
				2CE4782F1CBE879C00ED7149 /* STEventSourceTestURLProtocol.m */,
				2CE478301CBE879C00ED7149 /* STEventSourceUnitTests.m */,
				2CE4782B1CBE879C00ED7149 /* STEventSourceEventUnitTests.m */,
				2CE4782A1CBE879C00ED7149 /* STEventSourceEventAccumulatorUnitTests.m */,
				2CE4782D1CBE879C00ED7149 /* STEventSourceLineAccumulatorUnitTests.m */,
				2CE4782C1CBE879C00ED7149 /* STEventSourceIntegrationTests.m */,
			);
			path = STEventSourceTests;
			sourceTree = "<group>";
		};
/* End PBXGroup section */

/* Begin PBXHeadersBuildPhase section */
		2C8EADDA1CB1231A0095451A /* Headers */ = {
			isa = PBXHeadersBuildPhase;
			buildActionMask = 2147483647;
			files = (
				2CE478141CBE871A00ED7149 /* STEventSourceEventAccumulator+Internal.h in Headers */,
				2CE478171CBE871A00ED7149 /* STEventSourceLineAccumulator+Internal.h in Headers */,
				2CE4780F1CBE871A00ED7149 /* STEventSource+Internal.h in Headers */,
				2CE478151CBE871A00ED7149 /* STEventSourceLineAccumulator.h in Headers */,
				2CE478121CBE871A00ED7149 /* STEventSourceEventAccumulator.h in Headers */,
				2C8EADE11CB1231A0095451A /* STEventSource.h in Headers */,
				2CE478101CBE871A00ED7149 /* STEventSourceEvent.h in Headers */,
			);
			runOnlyForDeploymentPostprocessing = 0;
		};
		2CE477CB1CBE7DAA00ED7149 /* Headers */ = {
			isa = PBXHeadersBuildPhase;
			buildActionMask = 2147483647;
			files = (
				2CE478271CBE875400ED7149 /* STEventSourceEventAccumulator+Internal.h in Headers */,
				2CE478291CBE875400ED7149 /* STEventSourceLineAccumulator+Internal.h in Headers */,
				2CE478241CBE875400ED7149 /* STEventSource+Internal.h in Headers */,
				2CE478281CBE875400ED7149 /* STEventSourceLineAccumulator.h in Headers */,
				2CE478261CBE875400ED7149 /* STEventSourceEventAccumulator.h in Headers */,
				2CE478011CBE804200ED7149 /* STEventSource.h in Headers */,
				2CE478251CBE875400ED7149 /* STEventSourceEvent.h in Headers */,
			);
			runOnlyForDeploymentPostprocessing = 0;
		};
		2CE477E71CBE7E2100ED7149 /* Headers */ = {
			isa = PBXHeadersBuildPhase;
			buildActionMask = 2147483647;
			files = (
			);
			runOnlyForDeploymentPostprocessing = 0;
		};
/* End PBXHeadersBuildPhase section */

/* Begin PBXNativeTarget section */
		2C8EADDC1CB1231A0095451A /* STEventSource-iOS-Framework */ = {
			isa = PBXNativeTarget;
			buildConfigurationList = 2C8EADF11CB1231A0095451A /* Build configuration list for PBXNativeTarget "STEventSource-iOS-Framework" */;
			buildPhases = (
				2C8EADD81CB1231A0095451A /* Sources */,
				2C8EADD91CB1231A0095451A /* Frameworks */,
				2C8EADDA1CB1231A0095451A /* Headers */,
				2C8EADDB1CB1231A0095451A /* Resources */,
			);
			buildRules = (
			);
			dependencies = (
			);
			name = "STEventSource-iOS-Framework";
			productName = STEventSource;
			productReference = 2C8EADDD1CB1231A0095451A /* STEventSource.framework */;
			productType = "com.apple.product-type.framework";
		};
		2C8EADE61CB1231A0095451A /* STEventSourceTests-iOS-Framework */ = {
			isa = PBXNativeTarget;
			buildConfigurationList = 2C8EADF41CB1231A0095451A /* Build configuration list for PBXNativeTarget "STEventSourceTests-iOS-Framework" */;
			buildPhases = (
				2C8EADE31CB1231A0095451A /* Sources */,
				2C8EADE41CB1231A0095451A /* Frameworks */,
				2C8EADE51CB1231A0095451A /* Resources */,
			);
			buildRules = (
			);
			dependencies = (
				2C8EADEA1CB1231A0095451A /* PBXTargetDependency */,
			);
			name = "STEventSourceTests-iOS-Framework";
			productName = STEventSourceTests;
			productReference = 2C8EADE71CB1231A0095451A /* STEventSourceTests-iOS-Framework.xctest */;
			productType = "com.apple.product-type.bundle.unit-test";
		};
		2CE477AF1CBE7C9400ED7149 /* STEventSource-iOS */ = {
			isa = PBXNativeTarget;
			buildConfigurationList = 2CE477B61CBE7C9400ED7149 /* Build configuration list for PBXNativeTarget "STEventSource-iOS" */;
			buildPhases = (
				2CE477AC1CBE7C9400ED7149 /* Sources */,
				2CE477AD1CBE7C9400ED7149 /* Frameworks */,
				2CE477AE1CBE7C9400ED7149 /* CopyFiles */,
			);
			buildRules = (
			);
			dependencies = (
			);
			name = "STEventSource-iOS";
			productName = "STEventSource-iOS";
			productReference = 2CE477B01CBE7C9400ED7149 /* libSTEventSource.a */;
			productType = "com.apple.product-type.library.static";
		};
		2CE477BC1CBE7CAE00ED7149 /* STEventSourceTests-iOS */ = {
			isa = PBXNativeTarget;
			buildConfigurationList = 2CE477C51CBE7CAE00ED7149 /* Build configuration list for PBXNativeTarget "STEventSourceTests-iOS" */;
			buildPhases = (
				2CE477B91CBE7CAE00ED7149 /* Sources */,
				2CE477BA1CBE7CAE00ED7149 /* Frameworks */,
				2CE477BB1CBE7CAE00ED7149 /* Resources */,
			);
			buildRules = (
			);
			dependencies = (
				2CE477C41CBE7CAE00ED7149 /* PBXTargetDependency */,
			);
			name = "STEventSourceTests-iOS";
			productName = "STEventSourceTests-iOS";
			productReference = 2CE477BD1CBE7CAE00ED7149 /* STEventSourceTests-iOS.xctest */;
			productType = "com.apple.product-type.bundle.unit-test";
		};
		2CE477CD1CBE7DAA00ED7149 /* STEventSource-Mac-Framework */ = {
			isa = PBXNativeTarget;
			buildConfigurationList = 2CE477DF1CBE7DAA00ED7149 /* Build configuration list for PBXNativeTarget "STEventSource-Mac-Framework" */;
			buildPhases = (
				2CE477C91CBE7DAA00ED7149 /* Sources */,
				2CE477CA1CBE7DAA00ED7149 /* Frameworks */,
				2CE477CB1CBE7DAA00ED7149 /* Headers */,
				2CE477CC1CBE7DAA00ED7149 /* Resources */,
			);
			buildRules = (
			);
			dependencies = (
			);
			name = "STEventSource-Mac-Framework";
			productName = "STEventSource-Mac-Framework";
			productReference = 2CE477CE1CBE7DAA00ED7149 /* STEventSource.framework */;
			productType = "com.apple.product-type.framework";
		};
		2CE477D61CBE7DAA00ED7149 /* STEventSourceTests-Mac-Framework */ = {
			isa = PBXNativeTarget;
			buildConfigurationList = 2CE477E21CBE7DAA00ED7149 /* Build configuration list for PBXNativeTarget "STEventSourceTests-Mac-Framework" */;
			buildPhases = (
				2CE477D31CBE7DAA00ED7149 /* Sources */,
				2CE477D41CBE7DAA00ED7149 /* Frameworks */,
				2CE477D51CBE7DAA00ED7149 /* Resources */,
			);
			buildRules = (
			);
			dependencies = (
				2CE477DA1CBE7DAA00ED7149 /* PBXTargetDependency */,
			);
			name = "STEventSourceTests-Mac-Framework";
			productName = "STEventSource-Mac-FrameworkTests";
			productReference = 2CE477D71CBE7DAA00ED7149 /* STEventSourceTests-Mac-Framework.xctest */;
			productType = "com.apple.product-type.bundle.unit-test";
		};
		2CE477E81CBE7E2100ED7149 /* STEventSource-Mac */ = {
			isa = PBXNativeTarget;
			buildConfigurationList = 2CE477EF1CBE7E2200ED7149 /* Build configuration list for PBXNativeTarget "STEventSource-Mac" */;
			buildPhases = (
				2CE477E51CBE7E2100ED7149 /* Sources */,
				2CE477E61CBE7E2100ED7149 /* Frameworks */,
				2CE477E71CBE7E2100ED7149 /* Headers */,
			);
			buildRules = (
			);
			dependencies = (
			);
			name = "STEventSource-Mac";
			productName = "STEventSource-mac";
			productReference = 2CE477E91CBE7E2100ED7149 /* libSTEventSource.a */;
			productType = "com.apple.product-type.library.static";
		};
		2CE477F51CBE7E4700ED7149 /* STEventSourceTests-Mac */ = {
			isa = PBXNativeTarget;
			buildConfigurationList = 2CE477FE1CBE7E4700ED7149 /* Build configuration list for PBXNativeTarget "STEventSourceTests-Mac" */;
			buildPhases = (
				2CE477F21CBE7E4700ED7149 /* Sources */,
				2CE477F31CBE7E4700ED7149 /* Frameworks */,
				2CE477F41CBE7E4700ED7149 /* Resources */,
			);
			buildRules = (
			);
			dependencies = (
				2CE477FD1CBE7E4700ED7149 /* PBXTargetDependency */,
			);
			name = "STEventSourceTests-Mac";
			productName = "STEventSourceTests-Mac";
			productReference = 2CE477F61CBE7E4700ED7149 /* STEventSourceTests-Mac.xctest */;
			productType = "com.apple.product-type.bundle.unit-test";
		};
/* End PBXNativeTarget section */

/* Begin PBXProject section */
		2C8EADD41CB1231A0095451A /* Project object */ = {
			isa = PBXProject;
			attributes = {
				LastUpgradeCheck = 0730;
				ORGANIZATIONNAME = "Scott Talbot";
				TargetAttributes = {
					2C8EADDC1CB1231A0095451A = {
						CreatedOnToolsVersion = 7.3;
					};
					2C8EADE61CB1231A0095451A = {
						CreatedOnToolsVersion = 7.3;
					};
					2CE477AF1CBE7C9400ED7149 = {
						CreatedOnToolsVersion = 7.3;
					};
					2CE477BC1CBE7CAE00ED7149 = {
						CreatedOnToolsVersion = 7.3;
					};
					2CE477CD1CBE7DAA00ED7149 = {
						CreatedOnToolsVersion = 7.3;
					};
					2CE477D61CBE7DAA00ED7149 = {
						CreatedOnToolsVersion = 7.3;
					};
					2CE477E81CBE7E2100ED7149 = {
						CreatedOnToolsVersion = 7.3;
					};
					2CE477F51CBE7E4700ED7149 = {
						CreatedOnToolsVersion = 7.3;
					};
				};
			};
			buildConfigurationList = 2C8EADD71CB1231A0095451A /* Build configuration list for PBXProject "STEventSource" */;
			compatibilityVersion = "Xcode 3.2";
			developmentRegion = English;
			hasScannedForEncodings = 0;
			knownRegions = (
				en,
			);
			mainGroup = 2C8EADD31CB1231A0095451A;
			productRefGroup = 2C8EADDE1CB1231A0095451A /* Products */;
			projectDirPath = "";
			projectRoot = "";
			targets = (
				2C8EADDC1CB1231A0095451A /* STEventSource-iOS-Framework */,
				2C8EADE61CB1231A0095451A /* STEventSourceTests-iOS-Framework */,
				2CE477AF1CBE7C9400ED7149 /* STEventSource-iOS */,
				2CE477BC1CBE7CAE00ED7149 /* STEventSourceTests-iOS */,
				2CE477CD1CBE7DAA00ED7149 /* STEventSource-Mac-Framework */,
				2CE477D61CBE7DAA00ED7149 /* STEventSourceTests-Mac-Framework */,
				2CE477E81CBE7E2100ED7149 /* STEventSource-Mac */,
				2CE477F51CBE7E4700ED7149 /* STEventSourceTests-Mac */,
			);
		};
/* End PBXProject section */

/* Begin PBXResourcesBuildPhase section */
		2C8EADDB1CB1231A0095451A /* Resources */ = {
			isa = PBXResourcesBuildPhase;
			buildActionMask = 2147483647;
			files = (
			);
			runOnlyForDeploymentPostprocessing = 0;
		};
		2C8EADE51CB1231A0095451A /* Resources */ = {
			isa = PBXResourcesBuildPhase;
			buildActionMask = 2147483647;
			files = (
			);
			runOnlyForDeploymentPostprocessing = 0;
		};
		2CE477BB1CBE7CAE00ED7149 /* Resources */ = {
			isa = PBXResourcesBuildPhase;
			buildActionMask = 2147483647;
			files = (
			);
			runOnlyForDeploymentPostprocessing = 0;
		};
		2CE477CC1CBE7DAA00ED7149 /* Resources */ = {
			isa = PBXResourcesBuildPhase;
			buildActionMask = 2147483647;
			files = (
			);
			runOnlyForDeploymentPostprocessing = 0;
		};
		2CE477D51CBE7DAA00ED7149 /* Resources */ = {
			isa = PBXResourcesBuildPhase;
			buildActionMask = 2147483647;
			files = (
			);
			runOnlyForDeploymentPostprocessing = 0;
		};
		2CE477F41CBE7E4700ED7149 /* Resources */ = {
			isa = PBXResourcesBuildPhase;
			buildActionMask = 2147483647;
			files = (
			);
			runOnlyForDeploymentPostprocessing = 0;
		};
/* End PBXResourcesBuildPhase section */

/* Begin PBXSourcesBuildPhase section */
		2C8EADD81CB1231A0095451A /* Sources */ = {
			isa = PBXSourcesBuildPhase;
			buildActionMask = 2147483647;
			files = (
				2CE4780E1CBE871A00ED7149 /* STEventSource.m in Sources */,
				2CE478111CBE871A00ED7149 /* STEventSourceEvent.m in Sources */,
				2CE478131CBE871A00ED7149 /* STEventSourceEventAccumulator.m in Sources */,
				2CE478161CBE871A00ED7149 /* STEventSourceLineAccumulator.m in Sources */,
			);
			runOnlyForDeploymentPostprocessing = 0;
		};
		2C8EADE31CB1231A0095451A /* Sources */ = {
			isa = PBXSourcesBuildPhase;
			buildActionMask = 2147483647;
			files = (
				2CE4783B1CBE87C100ED7149 /* STEventSourceEventAccumulatorUnitTests.m in Sources */,
				2CE4783C1CBE87C100ED7149 /* STEventSourceLineAccumulatorUnitTests.m in Sources */,
				2CE478391CBE87C100ED7149 /* STEventSourceUnitTests.m in Sources */,
				2CE478381CBE87C100ED7149 /* STEventSourceTestURLProtocol.m in Sources */,
				2C8EADED1CB1231A0095451A /* STEventSourceTests.m in Sources */,
				2CE4783D1CBE87C100ED7149 /* STEventSourceIntegrationTests.m in Sources */,
				2CE4783A1CBE87C100ED7149 /* STEventSourceEventUnitTests.m in Sources */,
			);
			runOnlyForDeploymentPostprocessing = 0;
		};
		2CE477AC1CBE7C9400ED7149 /* Sources */ = {
			isa = PBXSourcesBuildPhase;
			buildActionMask = 2147483647;
			files = (
				2CE478181CBE872100ED7149 /* STEventSource.m in Sources */,
				2CE478191CBE872100ED7149 /* STEventSourceEvent.m in Sources */,
				2CE4781A1CBE872100ED7149 /* STEventSourceEventAccumulator.m in Sources */,
				2CE4781B1CBE872100ED7149 /* STEventSourceLineAccumulator.m in Sources */,
			);
			runOnlyForDeploymentPostprocessing = 0;
		};
		2CE477B91CBE7CAE00ED7149 /* Sources */ = {
			isa = PBXSourcesBuildPhase;
			buildActionMask = 2147483647;
			files = (
				2CE478411CBE87C300ED7149 /* STEventSourceEventAccumulatorUnitTests.m in Sources */,
				2CE478421CBE87C300ED7149 /* STEventSourceLineAccumulatorUnitTests.m in Sources */,
				2CE4783F1CBE87C300ED7149 /* STEventSourceUnitTests.m in Sources */,
				2CE4783E1CBE87C300ED7149 /* STEventSourceTestURLProtocol.m in Sources */,
				2CE477C81CBE7CC400ED7149 /* STEventSourceTests.m in Sources */,
				2CE478431CBE87C300ED7149 /* STEventSourceIntegrationTests.m in Sources */,
				2CE478401CBE87C300ED7149 /* STEventSourceEventUnitTests.m in Sources */,
			);
			runOnlyForDeploymentPostprocessing = 0;
		};
		2CE477C91CBE7DAA00ED7149 /* Sources */ = {
			isa = PBXSourcesBuildPhase;
			buildActionMask = 2147483647;
			files = (
				2CE4781C1CBE872300ED7149 /* STEventSource.m in Sources */,
				2CE4781D1CBE872300ED7149 /* STEventSourceEvent.m in Sources */,
				2CE4781E1CBE872300ED7149 /* STEventSourceEventAccumulator.m in Sources */,
				2CE4781F1CBE872300ED7149 /* STEventSourceLineAccumulator.m in Sources */,
			);
			runOnlyForDeploymentPostprocessing = 0;
		};
		2CE477D31CBE7DAA00ED7149 /* Sources */ = {
			isa = PBXSourcesBuildPhase;
			buildActionMask = 2147483647;
			files = (
				2CE478471CBE87C400ED7149 /* STEventSourceEventAccumulatorUnitTests.m in Sources */,
				2CE478481CBE87C400ED7149 /* STEventSourceLineAccumulatorUnitTests.m in Sources */,
				2CE478451CBE87C400ED7149 /* STEventSourceUnitTests.m in Sources */,
				2CE478441CBE87C400ED7149 /* STEventSourceTestURLProtocol.m in Sources */,
				2CE478031CBE804C00ED7149 /* STEventSourceTests.m in Sources */,
				2CE478491CBE87C400ED7149 /* STEventSourceIntegrationTests.m in Sources */,
				2CE478461CBE87C400ED7149 /* STEventSourceEventUnitTests.m in Sources */,
			);
			runOnlyForDeploymentPostprocessing = 0;
		};
		2CE477E51CBE7E2100ED7149 /* Sources */ = {
			isa = PBXSourcesBuildPhase;
			buildActionMask = 2147483647;
			files = (
				2CE478201CBE872400ED7149 /* STEventSource.m in Sources */,
				2CE478211CBE872400ED7149 /* STEventSourceEvent.m in Sources */,
				2CE478221CBE872400ED7149 /* STEventSourceEventAccumulator.m in Sources */,
				2CE478231CBE872400ED7149 /* STEventSourceLineAccumulator.m in Sources */,
			);
			runOnlyForDeploymentPostprocessing = 0;
		};
		2CE477F21CBE7E4700ED7149 /* Sources */ = {
			isa = PBXSourcesBuildPhase;
			buildActionMask = 2147483647;
			files = (
				2CE4784D1CBE87C500ED7149 /* STEventSourceEventAccumulatorUnitTests.m in Sources */,
				2CE4784E1CBE87C500ED7149 /* STEventSourceLineAccumulatorUnitTests.m in Sources */,
				2CE4784B1CBE87C500ED7149 /* STEventSourceUnitTests.m in Sources */,
				2CE4784A1CBE87C500ED7149 /* STEventSourceTestURLProtocol.m in Sources */,
				2CE478021CBE804B00ED7149 /* STEventSourceTests.m in Sources */,
				2CE4784F1CBE87C500ED7149 /* STEventSourceIntegrationTests.m in Sources */,
				2CE4784C1CBE87C500ED7149 /* STEventSourceEventUnitTests.m in Sources */,
			);
			runOnlyForDeploymentPostprocessing = 0;
		};
/* End PBXSourcesBuildPhase section */

/* Begin PBXTargetDependency section */
		2C8EADEA1CB1231A0095451A /* PBXTargetDependency */ = {
			isa = PBXTargetDependency;
			target = 2C8EADDC1CB1231A0095451A /* STEventSource-iOS-Framework */;
			targetProxy = 2C8EADE91CB1231A0095451A /* PBXContainerItemProxy */;
		};
		2CE477C41CBE7CAE00ED7149 /* PBXTargetDependency */ = {
			isa = PBXTargetDependency;
			target = 2CE477AF1CBE7C9400ED7149 /* STEventSource-iOS */;
			targetProxy = 2CE477C31CBE7CAE00ED7149 /* PBXContainerItemProxy */;
		};
		2CE477DA1CBE7DAA00ED7149 /* PBXTargetDependency */ = {
			isa = PBXTargetDependency;
			target = 2CE477CD1CBE7DAA00ED7149 /* STEventSource-Mac-Framework */;
			targetProxy = 2CE477D91CBE7DAA00ED7149 /* PBXContainerItemProxy */;
		};
		2CE477FD1CBE7E4700ED7149 /* PBXTargetDependency */ = {
			isa = PBXTargetDependency;
			target = 2CE477E81CBE7E2100ED7149 /* STEventSource-Mac */;
			targetProxy = 2CE477FC1CBE7E4700ED7149 /* PBXContainerItemProxy */;
		};
/* End PBXTargetDependency section */

/* Begin XCBuildConfiguration section */
		2C8EADEF1CB1231A0095451A /* Debug */ = {
			isa = XCBuildConfiguration;
			buildSettings = {
				ALWAYS_SEARCH_USER_PATHS = NO;
				CLANG_ANALYZER_NONNULL = YES;
				CLANG_CXX_LANGUAGE_STANDARD = "gnu++0x";
				CLANG_CXX_LIBRARY = "libc++";
				CLANG_ENABLE_MODULES = YES;
				CLANG_ENABLE_OBJC_ARC = YES;
				CLANG_WARN_BOOL_CONVERSION = YES;
				CLANG_WARN_CONSTANT_CONVERSION = YES;
				CLANG_WARN_DIRECT_OBJC_ISA_USAGE = YES_ERROR;
				CLANG_WARN_EMPTY_BODY = YES;
				CLANG_WARN_ENUM_CONVERSION = YES;
				CLANG_WARN_IMPLICIT_SIGN_CONVERSION = YES;
				CLANG_WARN_INT_CONVERSION = YES;
				CLANG_WARN_NULLABLE_TO_NONNULL_CONVERSION = YES;
				CLANG_WARN_OBJC_IMPLICIT_RETAIN_SELF = YES;
				CLANG_WARN_OBJC_REPEATED_USE_OF_WEAK = YES;
				CLANG_WARN_OBJC_ROOT_CLASS = YES_ERROR;
				CLANG_WARN_SUSPICIOUS_IMPLICIT_CONVERSION = YES;
				CLANG_WARN_UNREACHABLE_CODE = YES;
				CLANG_WARN__DUPLICATE_METHOD_MATCH = YES;
				"CODE_SIGN_IDENTITY[sdk=iphoneos*]" = "iPhone Developer";
				COPY_PHASE_STRIP = NO;
				CURRENT_PROJECT_VERSION = 1;
				DEBUG_INFORMATION_FORMAT = dwarf;
				ENABLE_STRICT_OBJC_MSGSEND = YES;
				ENABLE_TESTABILITY = YES;
				GCC_C_LANGUAGE_STANDARD = gnu99;
				GCC_DYNAMIC_NO_PIC = NO;
				GCC_NO_COMMON_BLOCKS = YES;
				GCC_OPTIMIZATION_LEVEL = 0;
				GCC_PREPROCESSOR_DEFINITIONS = (
					"DEBUG=1",
					"$(inherited)",
				);
				GCC_TREAT_WARNINGS_AS_ERRORS = YES;
				GCC_WARN_64_TO_32_BIT_CONVERSION = YES;
				GCC_WARN_ABOUT_MISSING_NEWLINE = YES;
				GCC_WARN_ABOUT_RETURN_TYPE = YES_ERROR;
				GCC_WARN_UNDECLARED_SELECTOR = YES;
				GCC_WARN_UNINITIALIZED_AUTOS = YES_AGGRESSIVE;
				GCC_WARN_UNUSED_FUNCTION = YES;
				GCC_WARN_UNUSED_VARIABLE = YES;
				HEADER_SEARCH_PATHS = "$(SRCROOT)";
				IPHONEOS_DEPLOYMENT_TARGET = 8.0;
				MACOSX_DEPLOYMENT_TARGET = 10.10;
				MTL_ENABLE_DEBUG_INFO = YES;
				ONLY_ACTIVE_ARCH = YES;
				SDKROOT = iphoneos;
				TARGETED_DEVICE_FAMILY = "1,2";
				VERSIONING_SYSTEM = "apple-generic";
				VERSION_INFO_PREFIX = "";
			};
			name = Debug;
		};
		2C8EADF01CB1231A0095451A /* Release */ = {
			isa = XCBuildConfiguration;
			buildSettings = {
				ALWAYS_SEARCH_USER_PATHS = NO;
				CLANG_ANALYZER_NONNULL = YES;
				CLANG_CXX_LANGUAGE_STANDARD = "gnu++0x";
				CLANG_CXX_LIBRARY = "libc++";
				CLANG_ENABLE_MODULES = YES;
				CLANG_ENABLE_OBJC_ARC = YES;
				CLANG_WARN_BOOL_CONVERSION = YES;
				CLANG_WARN_CONSTANT_CONVERSION = YES;
				CLANG_WARN_DIRECT_OBJC_ISA_USAGE = YES_ERROR;
				CLANG_WARN_EMPTY_BODY = YES;
				CLANG_WARN_ENUM_CONVERSION = YES;
				CLANG_WARN_IMPLICIT_SIGN_CONVERSION = YES;
				CLANG_WARN_INT_CONVERSION = YES;
				CLANG_WARN_NULLABLE_TO_NONNULL_CONVERSION = YES;
				CLANG_WARN_OBJC_IMPLICIT_RETAIN_SELF = YES;
				CLANG_WARN_OBJC_REPEATED_USE_OF_WEAK = YES;
				CLANG_WARN_OBJC_ROOT_CLASS = YES_ERROR;
				CLANG_WARN_SUSPICIOUS_IMPLICIT_CONVERSION = YES;
				CLANG_WARN_UNREACHABLE_CODE = YES;
				CLANG_WARN__DUPLICATE_METHOD_MATCH = YES;
				"CODE_SIGN_IDENTITY[sdk=iphoneos*]" = "iPhone Developer";
				COPY_PHASE_STRIP = NO;
				CURRENT_PROJECT_VERSION = 1;
				DEBUG_INFORMATION_FORMAT = "dwarf-with-dsym";
				ENABLE_NS_ASSERTIONS = NO;
				ENABLE_STRICT_OBJC_MSGSEND = YES;
				GCC_C_LANGUAGE_STANDARD = gnu99;
				GCC_NO_COMMON_BLOCKS = YES;
				GCC_TREAT_WARNINGS_AS_ERRORS = YES;
				GCC_WARN_64_TO_32_BIT_CONVERSION = YES;
				GCC_WARN_ABOUT_MISSING_NEWLINE = YES;
				GCC_WARN_ABOUT_RETURN_TYPE = YES_ERROR;
				GCC_WARN_UNDECLARED_SELECTOR = YES;
				GCC_WARN_UNINITIALIZED_AUTOS = YES_AGGRESSIVE;
				GCC_WARN_UNUSED_FUNCTION = YES;
				GCC_WARN_UNUSED_VARIABLE = YES;
				HEADER_SEARCH_PATHS = "$(SRCROOT)";
				IPHONEOS_DEPLOYMENT_TARGET = 8.0;
				MACOSX_DEPLOYMENT_TARGET = 10.10;
				MTL_ENABLE_DEBUG_INFO = NO;
				SDKROOT = iphoneos;
				TARGETED_DEVICE_FAMILY = "1,2";
				VALIDATE_PRODUCT = YES;
				VERSIONING_SYSTEM = "apple-generic";
				VERSION_INFO_PREFIX = "";
			};
			name = Release;
		};
		2C8EADF21CB1231A0095451A /* Debug */ = {
			isa = XCBuildConfiguration;
			buildSettings = {
				DEFINES_MODULE = YES;
				DYLIB_COMPATIBILITY_VERSION = 1;
				DYLIB_CURRENT_VERSION = 1;
				DYLIB_INSTALL_NAME_BASE = "@rpath";
				INFOPLIST_FILE = STEventSource/Info.plist;
				INSTALL_PATH = "$(LOCAL_LIBRARY_DIR)/Frameworks";
				LD_RUNPATH_SEARCH_PATHS = "$(inherited) @executable_path/Frameworks @loader_path/Frameworks";
				ONLY_ACTIVE_ARCH = NO;
				PRODUCT_BUNDLE_IDENTIFIER = org.chikachow.STEventSource;
				PRODUCT_NAME = STEventSource;
				RUN_CLANG_STATIC_ANALYZER = YES;
				SKIP_INSTALL = YES;
				WARNING_CFLAGS = (
					"-Wall",
					"-Wextra",
				);
			};
			name = Debug;
		};
		2C8EADF31CB1231A0095451A /* Release */ = {
			isa = XCBuildConfiguration;
			buildSettings = {
				DEFINES_MODULE = YES;
				DYLIB_COMPATIBILITY_VERSION = 1;
				DYLIB_CURRENT_VERSION = 1;
				DYLIB_INSTALL_NAME_BASE = "@rpath";
				INFOPLIST_FILE = STEventSource/Info.plist;
				INSTALL_PATH = "$(LOCAL_LIBRARY_DIR)/Frameworks";
				LD_RUNPATH_SEARCH_PATHS = "$(inherited) @executable_path/Frameworks @loader_path/Frameworks";
				ONLY_ACTIVE_ARCH = NO;
				PRODUCT_BUNDLE_IDENTIFIER = org.chikachow.STEventSource;
				PRODUCT_NAME = STEventSource;
				RUN_CLANG_STATIC_ANALYZER = YES;
				SKIP_INSTALL = YES;
				WARNING_CFLAGS = (
					"-Wall",
					"-Wextra",
				);
			};
			name = Release;
		};
		2C8EADF51CB1231A0095451A /* Debug */ = {
			isa = XCBuildConfiguration;
			buildSettings = {
				INFOPLIST_FILE = STEventSourceTests/Info.plist;
				LD_RUNPATH_SEARCH_PATHS = "$(inherited) @executable_path/Frameworks @loader_path/Frameworks";
				PRODUCT_BUNDLE_IDENTIFIER = "org.chikachow.STEventSourceTests-iOS-Framework";
				PRODUCT_NAME = "$(TARGET_NAME)";
			};
			name = Debug;
		};
		2C8EADF61CB1231A0095451A /* Release */ = {
			isa = XCBuildConfiguration;
			buildSettings = {
				INFOPLIST_FILE = STEventSourceTests/Info.plist;
				LD_RUNPATH_SEARCH_PATHS = "$(inherited) @executable_path/Frameworks @loader_path/Frameworks";
				PRODUCT_BUNDLE_IDENTIFIER = "org.chikachow.STEventSourceTests-iOS-Framework";
				PRODUCT_NAME = "$(TARGET_NAME)";
			};
			name = Release;
		};
		2CE477B71CBE7C9400ED7149 /* Debug */ = {
			isa = XCBuildConfiguration;
			buildSettings = {
				ONLY_ACTIVE_ARCH = NO;
				OTHER_LDFLAGS = "-ObjC";
				PRODUCT_NAME = STEventSource;
				RUN_CLANG_STATIC_ANALYZER = YES;
				SKIP_INSTALL = YES;
				WARNING_CFLAGS = (
					"-Wall",
					"-Wextra",
				);
			};
			name = Debug;
		};
		2CE477B81CBE7C9400ED7149 /* Release */ = {
			isa = XCBuildConfiguration;
			buildSettings = {
				ONLY_ACTIVE_ARCH = NO;
				OTHER_LDFLAGS = "-ObjC";
				PRODUCT_NAME = STEventSource;
				RUN_CLANG_STATIC_ANALYZER = YES;
				SKIP_INSTALL = YES;
				WARNING_CFLAGS = (
					"-Wall",
					"-Wextra",
				);
			};
			name = Release;
		};
		2CE477C61CBE7CAE00ED7149 /* Debug */ = {
			isa = XCBuildConfiguration;
			buildSettings = {
				INFOPLIST_FILE = STEventSourceTests/Info.plist;
				LD_RUNPATH_SEARCH_PATHS = "$(inherited) @executable_path/Frameworks @loader_path/Frameworks";
				PRODUCT_BUNDLE_IDENTIFIER = "org.chikachow.STEventSourceTests-iOS";
				PRODUCT_NAME = "$(TARGET_NAME)";
			};
			name = Debug;
		};
		2CE477C71CBE7CAE00ED7149 /* Release */ = {
			isa = XCBuildConfiguration;
			buildSettings = {
				INFOPLIST_FILE = STEventSourceTests/Info.plist;
				LD_RUNPATH_SEARCH_PATHS = "$(inherited) @executable_path/Frameworks @loader_path/Frameworks";
				PRODUCT_BUNDLE_IDENTIFIER = "org.chikachow.STEventSourceTests-iOS";
				PRODUCT_NAME = "$(TARGET_NAME)";
			};
			name = Release;
		};
		2CE477E01CBE7DAA00ED7149 /* Debug */ = {
			isa = XCBuildConfiguration;
			buildSettings = {
				CODE_SIGN_IDENTITY = "-";
				COMBINE_HIDPI_IMAGES = YES;
				DEFINES_MODULE = YES;
				DYLIB_COMPATIBILITY_VERSION = 1;
				DYLIB_CURRENT_VERSION = 1;
				DYLIB_INSTALL_NAME_BASE = "@rpath";
				FRAMEWORK_VERSION = A;
				INFOPLIST_FILE = STEventSource/Info.plist;
				INSTALL_PATH = "$(LOCAL_LIBRARY_DIR)/Frameworks";
				LD_RUNPATH_SEARCH_PATHS = "$(inherited) @executable_path/../Frameworks @loader_path/Frameworks";
				ONLY_ACTIVE_ARCH = NO;
				PRODUCT_BUNDLE_IDENTIFIER = org.chikachow.STEventSource;
				PRODUCT_NAME = STEventSource;
				SDKROOT = macosx;
				SKIP_INSTALL = YES;
				WARNING_CFLAGS = (
					"-Wall",
					"-Wextra",
				);
			};
			name = Debug;
		};
		2CE477E11CBE7DAA00ED7149 /* Release */ = {
			isa = XCBuildConfiguration;
			buildSettings = {
				CODE_SIGN_IDENTITY = "-";
				COMBINE_HIDPI_IMAGES = YES;
				DEFINES_MODULE = YES;
				DYLIB_COMPATIBILITY_VERSION = 1;
				DYLIB_CURRENT_VERSION = 1;
				DYLIB_INSTALL_NAME_BASE = "@rpath";
				FRAMEWORK_VERSION = A;
				INFOPLIST_FILE = STEventSource/Info.plist;
				INSTALL_PATH = "$(LOCAL_LIBRARY_DIR)/Frameworks";
				LD_RUNPATH_SEARCH_PATHS = "$(inherited) @executable_path/../Frameworks @loader_path/Frameworks";
				ONLY_ACTIVE_ARCH = NO;
				PRODUCT_BUNDLE_IDENTIFIER = org.chikachow.STEventSource;
				PRODUCT_NAME = STEventSource;
				SDKROOT = macosx;
				SKIP_INSTALL = YES;
				WARNING_CFLAGS = (
					"-Wall",
					"-Wextra",
				);
			};
			name = Release;
		};
		2CE477E31CBE7DAA00ED7149 /* Debug */ = {
			isa = XCBuildConfiguration;
			buildSettings = {
				CODE_SIGN_IDENTITY = "-";
				COMBINE_HIDPI_IMAGES = YES;
				INFOPLIST_FILE = STEventSourceTests/Info.plist;
				LD_RUNPATH_SEARCH_PATHS = "$(inherited) @executable_path/../Frameworks @loader_path/../Frameworks";
				MACOSX_DEPLOYMENT_TARGET = 10.11;
				PRODUCT_BUNDLE_IDENTIFIER = "org.chikachow.STEventSource-Mac-FrameworkTests";
				PRODUCT_NAME = "$(TARGET_NAME)";
				SDKROOT = macosx;
			};
			name = Debug;
		};
		2CE477E41CBE7DAA00ED7149 /* Release */ = {
			isa = XCBuildConfiguration;
			buildSettings = {
				CODE_SIGN_IDENTITY = "-";
				COMBINE_HIDPI_IMAGES = YES;
				INFOPLIST_FILE = STEventSourceTests/Info.plist;
				LD_RUNPATH_SEARCH_PATHS = "$(inherited) @executable_path/../Frameworks @loader_path/../Frameworks";
				MACOSX_DEPLOYMENT_TARGET = 10.11;
				PRODUCT_BUNDLE_IDENTIFIER = "org.chikachow.STEventSource-Mac-FrameworkTests";
				PRODUCT_NAME = "$(TARGET_NAME)";
				SDKROOT = macosx;
			};
			name = Release;
		};
		2CE477F01CBE7E2200ED7149 /* Debug */ = {
			isa = XCBuildConfiguration;
			buildSettings = {
				CODE_SIGN_IDENTITY = "-";
				EXECUTABLE_PREFIX = lib;
				ONLY_ACTIVE_ARCH = NO;
				PRODUCT_NAME = STEventSource;
				SDKROOT = macosx;
				WARNING_CFLAGS = (
					"-Wall",
					"-Wextra",
				);
			};
			name = Debug;
		};
		2CE477F11CBE7E2200ED7149 /* Release */ = {
			isa = XCBuildConfiguration;
			buildSettings = {
				CODE_SIGN_IDENTITY = "-";
				EXECUTABLE_PREFIX = lib;
				ONLY_ACTIVE_ARCH = NO;
				PRODUCT_NAME = STEventSource;
				SDKROOT = macosx;
				WARNING_CFLAGS = (
					"-Wall",
					"-Wextra",
				);
			};
			name = Release;
		};
		2CE477FF1CBE7E4700ED7149 /* Debug */ = {
			isa = XCBuildConfiguration;
			buildSettings = {
				CODE_SIGN_IDENTITY = "-";
				COMBINE_HIDPI_IMAGES = YES;
				INFOPLIST_FILE = STEventSourceTests/Info.plist;
				LD_RUNPATH_SEARCH_PATHS = "$(inherited) @executable_path/../Frameworks @loader_path/../Frameworks";
				MACOSX_DEPLOYMENT_TARGET = 10.11;
				PRODUCT_BUNDLE_IDENTIFIER = "org.chikachow.STEventSourceTests-Mac";
				PRODUCT_NAME = "$(TARGET_NAME)";
				SDKROOT = macosx;
			};
			name = Debug;
		};
		2CE478001CBE7E4700ED7149 /* Release */ = {
			isa = XCBuildConfiguration;
			buildSettings = {
				CODE_SIGN_IDENTITY = "-";
				COMBINE_HIDPI_IMAGES = YES;
				INFOPLIST_FILE = STEventSourceTests/Info.plist;
				LD_RUNPATH_SEARCH_PATHS = "$(inherited) @executable_path/../Frameworks @loader_path/../Frameworks";
				MACOSX_DEPLOYMENT_TARGET = 10.11;
				PRODUCT_BUNDLE_IDENTIFIER = "org.chikachow.STEventSourceTests-Mac";
				PRODUCT_NAME = "$(TARGET_NAME)";
				SDKROOT = macosx;
			};
			name = Release;
		};
/* End XCBuildConfiguration section */

/* Begin XCConfigurationList section */
		2C8EADD71CB1231A0095451A /* Build configuration list for PBXProject "STEventSource" */ = {
			isa = XCConfigurationList;
			buildConfigurations = (
				2C8EADEF1CB1231A0095451A /* Debug */,
				2C8EADF01CB1231A0095451A /* Release */,
			);
			defaultConfigurationIsVisible = 0;
			defaultConfigurationName = Release;
		};
		2C8EADF11CB1231A0095451A /* Build configuration list for PBXNativeTarget "STEventSource-iOS-Framework" */ = {
			isa = XCConfigurationList;
			buildConfigurations = (
				2C8EADF21CB1231A0095451A /* Debug */,
				2C8EADF31CB1231A0095451A /* Release */,
			);
			defaultConfigurationIsVisible = 0;
			defaultConfigurationName = Release;
		};
		2C8EADF41CB1231A0095451A /* Build configuration list for PBXNativeTarget "STEventSourceTests-iOS-Framework" */ = {
			isa = XCConfigurationList;
			buildConfigurations = (
				2C8EADF51CB1231A0095451A /* Debug */,
				2C8EADF61CB1231A0095451A /* Release */,
			);
			defaultConfigurationIsVisible = 0;
			defaultConfigurationName = Release;
		};
		2CE477B61CBE7C9400ED7149 /* Build configuration list for PBXNativeTarget "STEventSource-iOS" */ = {
			isa = XCConfigurationList;
			buildConfigurations = (
				2CE477B71CBE7C9400ED7149 /* Debug */,
				2CE477B81CBE7C9400ED7149 /* Release */,
			);
			defaultConfigurationIsVisible = 0;
			defaultConfigurationName = Release;
		};
		2CE477C51CBE7CAE00ED7149 /* Build configuration list for PBXNativeTarget "STEventSourceTests-iOS" */ = {
			isa = XCConfigurationList;
			buildConfigurations = (
				2CE477C61CBE7CAE00ED7149 /* Debug */,
				2CE477C71CBE7CAE00ED7149 /* Release */,
			);
			defaultConfigurationIsVisible = 0;
			defaultConfigurationName = Release;
		};
		2CE477DF1CBE7DAA00ED7149 /* Build configuration list for PBXNativeTarget "STEventSource-Mac-Framework" */ = {
			isa = XCConfigurationList;
			buildConfigurations = (
				2CE477E01CBE7DAA00ED7149 /* Debug */,
				2CE477E11CBE7DAA00ED7149 /* Release */,
			);
			defaultConfigurationIsVisible = 0;
			defaultConfigurationName = Release;
		};
		2CE477E21CBE7DAA00ED7149 /* Build configuration list for PBXNativeTarget "STEventSourceTests-Mac-Framework" */ = {
			isa = XCConfigurationList;
			buildConfigurations = (
				2CE477E31CBE7DAA00ED7149 /* Debug */,
				2CE477E41CBE7DAA00ED7149 /* Release */,
			);
			defaultConfigurationIsVisible = 0;
			defaultConfigurationName = Release;
		};
		2CE477EF1CBE7E2200ED7149 /* Build configuration list for PBXNativeTarget "STEventSource-Mac" */ = {
			isa = XCConfigurationList;
			buildConfigurations = (
				2CE477F01CBE7E2200ED7149 /* Debug */,
				2CE477F11CBE7E2200ED7149 /* Release */,
			);
			defaultConfigurationIsVisible = 0;
			defaultConfigurationName = Release;
		};
		2CE477FE1CBE7E4700ED7149 /* Build configuration list for PBXNativeTarget "STEventSourceTests-Mac" */ = {
			isa = XCConfigurationList;
			buildConfigurations = (
				2CE477FF1CBE7E4700ED7149 /* Debug */,
				2CE478001CBE7E4700ED7149 /* Release */,
			);
			defaultConfigurationIsVisible = 0;
			defaultConfigurationName = Release;
		};
/* End XCConfigurationList section */
	};
	rootObject = 2C8EADD41CB1231A0095451A /* Project object */;
}
